
Microsoft Visual Studio Solution File, Format Version 12.00
# Visual Studio 15
VisualStudioVersion = 15.0.26124.0
MinimumVisualStudioVersion = 15.0.26124.0
Project("{FAE04EC0-301F-11D3-BF4B-00C04F79EFBC}") = "Persistence", "Persistence\Persistence.csproj", "{A2677111-6602-42BC-BE1C-7EE615688670}"
EndProject
Project("{FAE04EC0-301F-11D3-BF4B-00C04F79EFBC}") = "DAL", "DAL\DAL.csproj", "{96B10000-68D1-4B88-ADAC-569118B0314F}"
EndProject
Project("{FAE04EC0-301F-11D3-BF4B-00C04F79EFBC}") = "EmployeeAPI", "EmployeeAPI\EmployeeAPI.csproj", "{FF1425D6-0904-4A00-A896-171FFAF137F9}"
EndProject
Global
	GlobalSection(SolutionConfigurationPlatforms) = preSolution
		Debug|Any CPU = Debug|Any CPU
		Debug|x64 = Debug|x64
		Debug|x86 = Debug|x86
		Release|Any CPU = Release|Any CPU
		Release|x64 = Release|x64
		Release|x86 = Release|x86
	EndGlobalSection
	GlobalSection(SolutionProperties) = preSolution
		HideSolutionNode = FALSE
	EndGlobalSection
	GlobalSection(ProjectConfigurationPlatforms) = postSolution
		{A2677111-6602-42BC-BE1C-7EE615688670}.Debug|Any CPU.ActiveCfg = Debug|Any CPU
		{A2677111-6602-42BC-BE1C-7EE615688670}.Debug|Any CPU.Build.0 = Debug|Any CPU
		{A2677111-6602-42BC-BE1C-7EE615688670}.Debug|x64.ActiveCfg = Debug|Any CPU
		{A2677111-6602-42BC-BE1C-7EE615688670}.Debug|x64.Build.0 = Debug|Any CPU
		{A2677111-6602-42BC-BE1C-7EE615688670}.Debug|x86.ActiveCfg = Debug|Any CPU
		{A2677111-6602-42BC-BE1C-7EE615688670}.Debug|x86.Build.0 = Debug|Any CPU
		{A2677111-6602-42BC-BE1C-7EE615688670}.Release|Any CPU.ActiveCfg = Release|Any CPU
		{A2677111-6602-42BC-BE1C-7EE615688670}.Release|Any CPU.Build.0 = Release|Any CPU
		{A2677111-6602-42BC-BE1C-7EE615688670}.Release|x64.ActiveCfg = Release|Any CPU
		{A2677111-6602-42BC-BE1C-7EE615688670}.Release|x64.Build.0 = Release|Any CPU
		{A2677111-6602-42BC-BE1C-7EE615688670}.Release|x86.ActiveCfg = Release|Any CPU
		{A2677111-6602-42BC-BE1C-7EE615688670}.Release|x86.Build.0 = Release|Any CPU
		{96B10000-68D1-4B88-ADAC-569118B0314F}.Debug|Any CPU.ActiveCfg = Debug|Any CPU
		{96B10000-68D1-4B88-ADAC-569118B0314F}.Debug|Any CPU.Build.0 = Debug|Any CPU
		{96B10000-68D1-4B88-ADAC-569118B0314F}.Debug|x64.ActiveCfg = Debug|Any CPU
		{96B10000-68D1-4B88-ADAC-569118B0314F}.Debug|x64.Build.0 = Debug|Any CPU
		{96B10000-68D1-4B88-ADAC-569118B0314F}.Debug|x86.ActiveCfg = Debug|Any CPU
		{96B10000-68D1-4B88-ADAC-569118B0314F}.Debug|x86.Build.0 = Debug|Any CPU
		{96B10000-68D1-4B88-ADAC-569118B0314F}.Release|Any CPU.ActiveCfg = Release|Any CPU
		{96B10000-68D1-4B88-ADAC-569118B0314F}.Release|Any CPU.Build.0 = Release|Any CPU
		{96B10000-68D1-4B88-ADAC-569118B0314F}.Release|x64.ActiveCfg = Release|Any CPU
		{96B10000-68D1-4B88-ADAC-569118B0314F}.Release|x64.Build.0 = Release|Any CPU
		{96B10000-68D1-4B88-ADAC-569118B0314F}.Release|x86.ActiveCfg = Release|Any CPU
		{96B10000-68D1-4B88-ADAC-569118B0314F}.Release|x86.Build.0 = Release|Any CPU
		{CCBB5E1C-2FE4-4710-AB9A-FAC45E965EF5}.Debug|Any CPU.ActiveCfg = Debug|Any CPU
		{CCBB5E1C-2FE4-4710-AB9A-FAC45E965EF5}.Debug|Any CPU.Build.0 = Debug|Any CPU
		{CCBB5E1C-2FE4-4710-AB9A-FAC45E965EF5}.Debug|x64.ActiveCfg = Debug|Any CPU
		{CCBB5E1C-2FE4-4710-AB9A-FAC45E965EF5}.Debug|x64.Build.0 = Debug|Any CPU
		{CCBB5E1C-2FE4-4710-AB9A-FAC45E965EF5}.Debug|x86.ActiveCfg = Debug|Any CPU
		{CCBB5E1C-2FE4-4710-AB9A-FAC45E965EF5}.Debug|x86.Build.0 = Debug|Any CPU
		{CCBB5E1C-2FE4-4710-AB9A-FAC45E965EF5}.Release|Any CPU.ActiveCfg = Release|Any CPU
		{CCBB5E1C-2FE4-4710-AB9A-FAC45E965EF5}.Release|Any CPU.Build.0 = Release|Any CPU
		{CCBB5E1C-2FE4-4710-AB9A-FAC45E965EF5}.Release|x64.ActiveCfg = Release|Any CPU
		{CCBB5E1C-2FE4-4710-AB9A-FAC45E965EF5}.Release|x64.Build.0 = Release|Any CPU
		{CCBB5E1C-2FE4-4710-AB9A-FAC45E965EF5}.Release|x86.ActiveCfg = Release|Any CPU
		{CCBB5E1C-2FE4-4710-AB9A-FAC45E965EF5}.Release|x86.Build.0 = Release|Any CPU
		{FF1425D6-0904-4A00-A896-171FFAF137F9}.Debug|Any CPU.ActiveCfg = Debug|Any CPU
		{FF1425D6-0904-4A00-A896-171FFAF137F9}.Debug|Any CPU.Build.0 = Debug|Any CPU
		{FF1425D6-0904-4A00-A896-171FFAF137F9}.Debug|x64.ActiveCfg = Debug|Any CPU
		{FF1425D6-0904-4A00-A896-171FFAF137F9}.Debug|x64.Build.0 = Debug|Any CPU
		{FF1425D6-0904-4A00-A896-171FFAF137F9}.Debug|x86.ActiveCfg = Debug|Any CPU
		{FF1425D6-0904-4A00-A896-171FFAF137F9}.Debug|x86.Build.0 = Debug|Any CPU
		{FF1425D6-0904-4A00-A896-171FFAF137F9}.Release|Any CPU.ActiveCfg = Release|Any CPU
		{FF1425D6-0904-4A00-A896-171FFAF137F9}.Release|Any CPU.Build.0 = Release|Any CPU
		{FF1425D6-0904-4A00-A896-171FFAF137F9}.Release|x64.ActiveCfg = Release|Any CPU
		{FF1425D6-0904-4A00-A896-171FFAF137F9}.Release|x64.Build.0 = Release|Any CPU
		{FF1425D6-0904-4A00-A896-171FFAF137F9}.Release|x86.ActiveCfg = Release|Any CPU
		{FF1425D6-0904-4A00-A896-171FFAF137F9}.Release|x86.Build.0 = Release|Any CPU
	EndGlobalSection
EndGlobal
